
Microsoft Visual Studio Solution File, Format Version 12.00
# Visual Studio Version 16
VisualStudioVersion = 16.0.29613.14
MinimumVisualStudioVersion = 10.0.40219.1
Project("{9A19103F-16F7-4668-BE54-9A1E7A4F7556}") = "CoreWithAngular", "CoreWithAngular\CoreWithAngular.csproj", "{4685032A-BFFF-4868-AA2A-BB93BCE9448A}"
EndProject
Project("{2150E333-8FDC-42A3-9474-1A3956D46DE8}") = "Services", "Services", "{53B8BADF-5F34-4CEB-BA03-BB544A8CEC25}"
EndProject
Project("{2150E333-8FDC-42A3-9474-1A3956D46DE8}") = "CoreWithAngular.Data", "CoreWithAngular.Data", "{79AE1BC3-3C78-475E-B79C-31608D379C17}"
EndProject
Project("{2150E333-8FDC-42A3-9474-1A3956D46DE8}") = "Model", "Model", "{165345FD-91F7-4E6A-B079-8F4CBE7555AA}"
EndProject
Project("{9A19103F-16F7-4668-BE54-9A1E7A4F7556}") = "Data", "Data\Data.csproj", "{BF82F00C-0BAE-483A-A72B-7D0071E45D50}"
EndProject
Project("{9A19103F-16F7-4668-BE54-9A1E7A4F7556}") = "Implementations", "Interfaces\Implementations.csproj", "{85066AE4-387C-4A5A-A2FB-8DDFEEB193D3}"
EndProject
Project("{9A19103F-16F7-4668-BE54-9A1E7A4F7556}") = "Interfaces", "Implementations\Interfaces.csproj", "{14AB7B93-1D69-4CD7-A29B-35795ABBC194}"
EndProject
Project("{2150E333-8FDC-42A3-9474-1A3956D46DE8}") = "CoreWithAngular.UI", "CoreWithAngular.UI", "{733B0D2D-3C73-447D-AB4F-8CCD5EBD5250}"
EndProject
Project("{9A19103F-16F7-4668-BE54-9A1E7A4F7556}") = "FrontEnd", "FrontEnd\FrontEnd.csproj", "{DAB1C3DA-0688-4680-BDF1-E15A9D9702FC}"
EndProject
Project("{FAE04EC0-301F-11D3-BF4B-00C04F79EFBC}") = "DTOs", "DTOs\DTOs.csproj", "{731433FF-85BC-41DC-8F46-634D4FC6F5B6}"
EndProject
Global
	GlobalSection(SolutionConfigurationPlatforms) = preSolution
		Debug|Any CPU = Debug|Any CPU
		Release|Any CPU = Release|Any CPU
	EndGlobalSection
	GlobalSection(ProjectConfigurationPlatforms) = postSolution
		{4685032A-BFFF-4868-AA2A-BB93BCE9448A}.Debug|Any CPU.ActiveCfg = Debug|Any CPU
		{4685032A-BFFF-4868-AA2A-BB93BCE9448A}.Debug|Any CPU.Build.0 = Debug|Any CPU
		{4685032A-BFFF-4868-AA2A-BB93BCE9448A}.Release|Any CPU.ActiveCfg = Release|Any CPU
		{4685032A-BFFF-4868-AA2A-BB93BCE9448A}.Release|Any CPU.Build.0 = Release|Any CPU
		{BF82F00C-0BAE-483A-A72B-7D0071E45D50}.Debug|Any CPU.ActiveCfg = Debug|Any CPU
		{BF82F00C-0BAE-483A-A72B-7D0071E45D50}.Debug|Any CPU.Build.0 = Debug|Any CPU
		{BF82F00C-0BAE-483A-A72B-7D0071E45D50}.Release|Any CPU.ActiveCfg = Release|Any CPU
		{BF82F00C-0BAE-483A-A72B-7D0071E45D50}.Release|Any CPU.Build.0 = Release|Any CPU
		{85066AE4-387C-4A5A-A2FB-8DDFEEB193D3}.Debug|Any CPU.ActiveCfg = Debug|Any CPU
		{85066AE4-387C-4A5A-A2FB-8DDFEEB193D3}.Debug|Any CPU.Build.0 = Debug|Any CPU
		{85066AE4-387C-4A5A-A2FB-8DDFEEB193D3}.Release|Any CPU.ActiveCfg = Release|Any CPU
		{85066AE4-387C-4A5A-A2FB-8DDFEEB193D3}.Release|Any CPU.Build.0 = Release|Any CPU
		{14AB7B93-1D69-4CD7-A29B-35795ABBC194}.Debug|Any CPU.ActiveCfg = Debug|Any CPU
		{14AB7B93-1D69-4CD7-A29B-35795ABBC194}.Debug|Any CPU.Build.0 = Debug|Any CPU
		{14AB7B93-1D69-4CD7-A29B-35795ABBC194}.Release|Any CPU.ActiveCfg = Release|Any CPU
		{14AB7B93-1D69-4CD7-A29B-35795ABBC194}.Release|Any CPU.Build.0 = Release|Any CPU
		{DAB1C3DA-0688-4680-BDF1-E15A9D9702FC}.Debug|Any CPU.ActiveCfg = Debug|Any CPU
		{DAB1C3DA-0688-4680-BDF1-E15A9D9702FC}.Debug|Any CPU.Build.0 = Debug|Any CPU
		{DAB1C3DA-0688-4680-BDF1-E15A9D9702FC}.Release|Any CPU.ActiveCfg = Release|Any CPU
		{DAB1C3DA-0688-4680-BDF1-E15A9D9702FC}.Release|Any CPU.Build.0 = Release|Any CPU
		{731433FF-85BC-41DC-8F46-634D4FC6F5B6}.Debug|Any CPU.ActiveCfg = Debug|Any CPU
		{731433FF-85BC-41DC-8F46-634D4FC6F5B6}.Debug|Any CPU.Build.0 = Debug|Any CPU
		{731433FF-85BC-41DC-8F46-634D4FC6F5B6}.Release|Any CPU.ActiveCfg = Release|Any CPU
		{731433FF-85BC-41DC-8F46-634D4FC6F5B6}.Release|Any CPU.Build.0 = Release|Any CPU
	EndGlobalSection
	GlobalSection(SolutionProperties) = preSolution
		HideSolutionNode = FALSE
	EndGlobalSection
	GlobalSection(NestedProjects) = preSolution
		{BF82F00C-0BAE-483A-A72B-7D0071E45D50} = {79AE1BC3-3C78-475E-B79C-31608D379C17}
		{85066AE4-387C-4A5A-A2FB-8DDFEEB193D3} = {53B8BADF-5F34-4CEB-BA03-BB544A8CEC25}
		{14AB7B93-1D69-4CD7-A29B-35795ABBC194} = {53B8BADF-5F34-4CEB-BA03-BB544A8CEC25}
		{DAB1C3DA-0688-4680-BDF1-E15A9D9702FC} = {733B0D2D-3C73-447D-AB4F-8CCD5EBD5250}
		{731433FF-85BC-41DC-8F46-634D4FC6F5B6} = {165345FD-91F7-4E6A-B079-8F4CBE7555AA}
	EndGlobalSection
	GlobalSection(ExtensibilityGlobals) = postSolution
		SolutionGuid = {7679D3D4-B0C4-4AA9-8067-F91B47B83CDF}
	EndGlobalSection
EndGlobal
